
Microsoft Visual Studio Solution File, Format Version 12.00
# Visual Studio 15
Project("{FAE04EC0-301F-11D3-BF4B-00C04F79EFBC}") = "Assembly-CSharp", "Assembly-CSharp.csproj", "{351FC195-CCB7-0028-8DA8-5E1180CB695A}"
EndProject
Project("{FAE04EC0-301F-11D3-BF4B-00C04F79EFBC}") = "Assembly-CSharp-firstpass", "Assembly-CSharp-firstpass.csproj", "{813594FA-C2AE-573F-CD16-4705E0B94E7B}"
EndProject
Global
	GlobalSection(SolutionConfigurationPlatforms) = preSolution
		Debug|Any CPU = Debug|Any CPU
		Release|Any CPU = Release|Any CPU
	EndGlobalSection
	GlobalSection(ProjectConfigurationPlatforms) = postSolution
		{351FC195-CCB7-0028-8DA8-5E1180CB695A}.Debug|Any CPU.ActiveCfg = Debug|Any CPU
		{351FC195-CCB7-0028-8DA8-5E1180CB695A}.Debug|Any CPU.Build.0 = Debug|Any CPU
		{351FC195-CCB7-0028-8DA8-5E1180CB695A}.Release|Any CPU.ActiveCfg = Release|Any CPU
		{351FC195-CCB7-0028-8DA8-5E1180CB695A}.Release|Any CPU.Build.0 = Release|Any CPU
		{813594FA-C2AE-573F-CD16-4705E0B94E7B}.Debug|Any CPU.ActiveCfg = Debug|Any CPU
		{813594FA-C2AE-573F-CD16-4705E0B94E7B}.Debug|Any CPU.Build.0 = Debug|Any CPU
		{813594FA-C2AE-573F-CD16-4705E0B94E7B}.Release|Any CPU.ActiveCfg = Release|Any CPU
		{813594FA-C2AE-573F-CD16-4705E0B94E7B}.Release|Any CPU.Build.0 = Release|Any CPU
	EndGlobalSection
	GlobalSection(SolutionProperties) = preSolution
		HideSolutionNode = FALSE
	EndGlobalSection
EndGlobal
