
Microsoft Visual Studio Solution File, Format Version 12.00
# Visual Studio 15
VisualStudioVersion = 15.0.27703.2035
MinimumVisualStudioVersion = 10.0.40219.1
Project("{FAE04EC0-301F-11D3-BF4B-00C04F79EFBC}") = "TreeVisualisationTest", "TreeVisualisationTest\TreeVisualisationTest.csproj", "{D9585348-1C85-4555-9AA3-69FF412D36C4}"
EndProject
Project("{FAE04EC0-301F-11D3-BF4B-00C04F79EFBC}") = "TreeVisualisation", "TreeVisualisation\TreeVisualisation.csproj", "{B64E28F9-3F4A-4825-AC97-F07D707F4CD7}"
EndProject
Global
	GlobalSection(SolutionConfigurationPlatforms) = preSolution
		Debug|Any CPU = Debug|Any CPU
		Release|Any CPU = Release|Any CPU
	EndGlobalSection
	GlobalSection(ProjectConfigurationPlatforms) = postSolution
		{D9585348-1C85-4555-9AA3-69FF412D36C4}.Debug|Any CPU.ActiveCfg = Debug|Any CPU
		{D9585348-1C85-4555-9AA3-69FF412D36C4}.Debug|Any CPU.Build.0 = Debug|Any CPU
		{D9585348-1C85-4555-9AA3-69FF412D36C4}.Release|Any CPU.ActiveCfg = Release|Any CPU
		{D9585348-1C85-4555-9AA3-69FF412D36C4}.Release|Any CPU.Build.0 = Release|Any CPU
		{B64E28F9-3F4A-4825-AC97-F07D707F4CD7}.Debug|Any CPU.ActiveCfg = Debug|Any CPU
		{B64E28F9-3F4A-4825-AC97-F07D707F4CD7}.Debug|Any CPU.Build.0 = Debug|Any CPU
		{B64E28F9-3F4A-4825-AC97-F07D707F4CD7}.Release|Any CPU.ActiveCfg = Release|Any CPU
		{B64E28F9-3F4A-4825-AC97-F07D707F4CD7}.Release|Any CPU.Build.0 = Release|Any CPU
	EndGlobalSection
	GlobalSection(SolutionProperties) = preSolution
		HideSolutionNode = FALSE
	EndGlobalSection
	GlobalSection(ExtensibilityGlobals) = postSolution
		SolutionGuid = {F7427B21-29EC-4FED-A12D-42C5A354BA6F}
	EndGlobalSection
EndGlobal
